
Microsoft Visual Studio Solution File, Format Version 12.00
# Visual Studio Version 17
VisualStudioVersion = 17.3.32825.248
MinimumVisualStudioVersion = 10.0.40219.1
Project("{FAE04EC0-301F-11D3-BF4B-00C04F79EFBC}") = "OOP arbete", "OOP arbete.csproj", "{1BFB9183-676B-4D13-A891-2E5B865F53F4}"
EndProject
Global
	GlobalSection(SolutionConfigurationPlatforms) = preSolution
		Debug|Any CPU = Debug|Any CPU
		Release|Any CPU = Release|Any CPU
	EndGlobalSection
	GlobalSection(ProjectConfigurationPlatforms) = postSolution
		{1BFB9183-676B-4D13-A891-2E5B865F53F4}.Debug|Any CPU.ActiveCfg = Debug|Any CPU
		{1BFB9183-676B-4D13-A891-2E5B865F53F4}.Debug|Any CPU.Build.0 = Debug|Any CPU
		{1BFB9183-676B-4D13-A891-2E5B865F53F4}.Release|Any CPU.ActiveCfg = Release|Any CPU
		{1BFB9183-676B-4D13-A891-2E5B865F53F4}.Release|Any CPU.Build.0 = Release|Any CPU
	EndGlobalSection
	GlobalSection(SolutionProperties) = preSolution
		HideSolutionNode = FALSE
	EndGlobalSection
	GlobalSection(ExtensibilityGlobals) = postSolution
		SolutionGuid = {9E9610EC-0FCA-4A9E-9E4E-CD79EF67AF0F}
	EndGlobalSection
EndGlobal
